
Microsoft Visual Studio Solution File, Format Version 12.00
# Visual Studio Version 16
VisualStudioVersion = 16.0.29418.71
MinimumVisualStudioVersion = 10.0.40219.1
Project("{FAE04EC0-301F-11D3-BF4B-00C04F79EFBC}") = "PortalWeb", "PortalWeb\PortalWeb.csproj", "{15DA63F5-7EB7-4950-90E9-D4773A2A2878}"
EndProject
Global
	GlobalSection(SolutionConfigurationPlatforms) = preSolution
		Debug|Any CPU = Debug|Any CPU
		Release|Any CPU = Release|Any CPU
	EndGlobalSection
	GlobalSection(ProjectConfigurationPlatforms) = postSolution
		{15DA63F5-7EB7-4950-90E9-D4773A2A2878}.Debug|Any CPU.ActiveCfg = Debug|Any CPU
		{15DA63F5-7EB7-4950-90E9-D4773A2A2878}.Debug|Any CPU.Build.0 = Debug|Any CPU
		{15DA63F5-7EB7-4950-90E9-D4773A2A2878}.Release|Any CPU.ActiveCfg = Release|Any CPU
		{15DA63F5-7EB7-4950-90E9-D4773A2A2878}.Release|Any CPU.Build.0 = Release|Any CPU
	EndGlobalSection
	GlobalSection(SolutionProperties) = preSolution
		HideSolutionNode = FALSE
	EndGlobalSection
	GlobalSection(ExtensibilityGlobals) = postSolution
		SolutionGuid = {49BB6A5E-496B-439B-B0CE-5C9001C97B4E}
	EndGlobalSection
EndGlobal
